
Microsoft Visual Studio Solution File, Format Version 11.00
# Visual Studio 2010
Project("{FAE04EC0-301F-11D3-BF4B-00C04F79EFBC}") = "AmazonSqs", "AmazonSqs\AmazonSqs.csproj", "{031F1702-89CB-41ED-9B9F-1BCF89FD21D6}"
EndProject
Project("{FAE04EC0-301F-11D3-BF4B-00C04F79EFBC}") = "AmazonSqs.Tests", "AmazonSqs.Tests\AmazonSqs.Tests.csproj", "{E8BEDCC9-F5F0-466E-8B0C-FC6378930AE7}"
EndProject
Project("{2150E333-8FDC-42A3-9474-1A3956D46DE8}") = "Solution Items", "Solution Items", "{7114489E-3525-4E38-A693-E134D8D450AC}"
	ProjectSection(SolutionItems) = preProject
		AmazonSqsObjectQueue.vsmdi = AmazonSqsObjectQueue.vsmdi
		Local.testsettings = Local.testsettings
		TraceAndTestImpact.testsettings = TraceAndTestImpact.testsettings
	EndProjectSection
EndProject
Project("{FAE04EC0-301F-11D3-BF4B-00C04F79EFBC}") = "AmazonSqs.Status", "AmazonSqs.Status\AmazonSqs.Status.csproj", "{287FF221-AE5D-441E-BA3A-F0B4CF6492A9}"
EndProject
Global
	GlobalSection(TestCaseManagementSettings) = postSolution
		CategoryFile = AmazonSqsObjectQueue.vsmdi
	EndGlobalSection
	GlobalSection(SolutionConfigurationPlatforms) = preSolution
		Debug|Any CPU = Debug|Any CPU
		Debug|Mixed Platforms = Debug|Mixed Platforms
		Debug|x86 = Debug|x86
		Release|Any CPU = Release|Any CPU
		Release|Mixed Platforms = Release|Mixed Platforms
		Release|x86 = Release|x86
	EndGlobalSection
	GlobalSection(ProjectConfigurationPlatforms) = postSolution
		{031F1702-89CB-41ED-9B9F-1BCF89FD21D6}.Debug|Any CPU.ActiveCfg = Debug|Any CPU
		{031F1702-89CB-41ED-9B9F-1BCF89FD21D6}.Debug|Any CPU.Build.0 = Debug|Any CPU
		{031F1702-89CB-41ED-9B9F-1BCF89FD21D6}.Debug|Mixed Platforms.ActiveCfg = Debug|Any CPU
		{031F1702-89CB-41ED-9B9F-1BCF89FD21D6}.Debug|Mixed Platforms.Build.0 = Debug|Any CPU
		{031F1702-89CB-41ED-9B9F-1BCF89FD21D6}.Debug|x86.ActiveCfg = Debug|Any CPU
		{031F1702-89CB-41ED-9B9F-1BCF89FD21D6}.Release|Any CPU.ActiveCfg = Release|Any CPU
		{031F1702-89CB-41ED-9B9F-1BCF89FD21D6}.Release|Any CPU.Build.0 = Release|Any CPU
		{031F1702-89CB-41ED-9B9F-1BCF89FD21D6}.Release|Mixed Platforms.ActiveCfg = Release|Any CPU
		{031F1702-89CB-41ED-9B9F-1BCF89FD21D6}.Release|Mixed Platforms.Build.0 = Release|Any CPU
		{031F1702-89CB-41ED-9B9F-1BCF89FD21D6}.Release|x86.ActiveCfg = Release|Any CPU
		{E8BEDCC9-F5F0-466E-8B0C-FC6378930AE7}.Debug|Any CPU.ActiveCfg = Debug|Any CPU
		{E8BEDCC9-F5F0-466E-8B0C-FC6378930AE7}.Debug|Any CPU.Build.0 = Debug|Any CPU
		{E8BEDCC9-F5F0-466E-8B0C-FC6378930AE7}.Debug|Mixed Platforms.ActiveCfg = Debug|Any CPU
		{E8BEDCC9-F5F0-466E-8B0C-FC6378930AE7}.Debug|Mixed Platforms.Build.0 = Debug|Any CPU
		{E8BEDCC9-F5F0-466E-8B0C-FC6378930AE7}.Debug|x86.ActiveCfg = Debug|Any CPU
		{E8BEDCC9-F5F0-466E-8B0C-FC6378930AE7}.Release|Any CPU.ActiveCfg = Release|Any CPU
		{E8BEDCC9-F5F0-466E-8B0C-FC6378930AE7}.Release|Any CPU.Build.0 = Release|Any CPU
		{E8BEDCC9-F5F0-466E-8B0C-FC6378930AE7}.Release|Mixed Platforms.ActiveCfg = Release|Any CPU
		{E8BEDCC9-F5F0-466E-8B0C-FC6378930AE7}.Release|Mixed Platforms.Build.0 = Release|Any CPU
		{E8BEDCC9-F5F0-466E-8B0C-FC6378930AE7}.Release|x86.ActiveCfg = Release|Any CPU
		{287FF221-AE5D-441E-BA3A-F0B4CF6492A9}.Debug|Any CPU.ActiveCfg = Debug|x86
		{287FF221-AE5D-441E-BA3A-F0B4CF6492A9}.Debug|Mixed Platforms.ActiveCfg = Debug|x86
		{287FF221-AE5D-441E-BA3A-F0B4CF6492A9}.Debug|Mixed Platforms.Build.0 = Debug|x86
		{287FF221-AE5D-441E-BA3A-F0B4CF6492A9}.Debug|x86.ActiveCfg = Debug|x86
		{287FF221-AE5D-441E-BA3A-F0B4CF6492A9}.Debug|x86.Build.0 = Debug|x86
		{287FF221-AE5D-441E-BA3A-F0B4CF6492A9}.Release|Any CPU.ActiveCfg = Release|x86
		{287FF221-AE5D-441E-BA3A-F0B4CF6492A9}.Release|Mixed Platforms.ActiveCfg = Release|x86
		{287FF221-AE5D-441E-BA3A-F0B4CF6492A9}.Release|Mixed Platforms.Build.0 = Release|x86
		{287FF221-AE5D-441E-BA3A-F0B4CF6492A9}.Release|x86.ActiveCfg = Release|x86
		{287FF221-AE5D-441E-BA3A-F0B4CF6492A9}.Release|x86.Build.0 = Release|x86
	EndGlobalSection
	GlobalSection(SolutionProperties) = preSolution
		HideSolutionNode = FALSE
	EndGlobalSection
EndGlobal
